
Microsoft Visual Studio Solution File, Format Version 12.00
# Visual Studio Version 17
VisualStudioVersion = 17.2.32630.192
MinimumVisualStudioVersion = 10.0.40219.1
Project("{9A19103F-16F7-4668-BE54-9A1E7A4F7556}") = "NetAutoGUI", "NetAutoGUI\NetAutoGUI.csproj", "{8A81522B-938E-4E41-826B-64CD37646C9E}"
EndProject
Project("{9A19103F-16F7-4668-BE54-9A1E7A4F7556}") = "NetCoreConsoleTests", "NetCoreConsoleTests\NetCoreConsoleTests.csproj", "{664C1197-C8DA-47DE-9F9E-AF2E55C744E0}"
EndProject
Project("{FAE04EC0-301F-11D3-BF4B-00C04F79EFBC}") = "NetAutoGUI.Windows", "NetAutoGUI.Windows\NetAutoGUI.Windows.csproj", "{DE609F0A-D667-440D-A951-A4599E459C6E}"
EndProject
Project("{FAE04EC0-301F-11D3-BF4B-00C04F79EFBC}") = "NetCoreWinFormTests", "NetCoreWinFormTests\NetCoreWinFormTests.csproj", "{715726DE-6DAB-4E5E-A38C-18265909B8C6}"
EndProject
Project("{2150E333-8FDC-42A3-9474-1A3956D46DE8}") = "Tests", "Tests", "{F51312F0-E27A-46F7-B8EE-46F5137CCF27}"
EndProject
Project("{2150E333-8FDC-42A3-9474-1A3956D46DE8}") = "Demos", "Demos", "{AC0D002F-490B-4CB2-BCF7-A5837A7716DF}"
EndProject
Project("{FAE04EC0-301F-11D3-BF4B-00C04F79EFBC}") = "NetAutoGUI.UnitTests", "Tests\NetAutoGUI.UnitTests\NetAutoGUI.UnitTests.csproj", "{12E25040-3AF3-448C-8A6B-0F6B785217B7}"
EndProject
Global
	GlobalSection(SolutionConfigurationPlatforms) = preSolution
		Debug|Any CPU = Debug|Any CPU
		Release|Any CPU = Release|Any CPU
	EndGlobalSection
	GlobalSection(ProjectConfigurationPlatforms) = postSolution
		{8A81522B-938E-4E41-826B-64CD37646C9E}.Debug|Any CPU.ActiveCfg = Debug|Any CPU
		{8A81522B-938E-4E41-826B-64CD37646C9E}.Debug|Any CPU.Build.0 = Debug|Any CPU
		{8A81522B-938E-4E41-826B-64CD37646C9E}.Release|Any CPU.ActiveCfg = Release|Any CPU
		{8A81522B-938E-4E41-826B-64CD37646C9E}.Release|Any CPU.Build.0 = Release|Any CPU
		{664C1197-C8DA-47DE-9F9E-AF2E55C744E0}.Debug|Any CPU.ActiveCfg = Debug|Any CPU
		{664C1197-C8DA-47DE-9F9E-AF2E55C744E0}.Debug|Any CPU.Build.0 = Debug|Any CPU
		{664C1197-C8DA-47DE-9F9E-AF2E55C744E0}.Release|Any CPU.ActiveCfg = Release|Any CPU
		{664C1197-C8DA-47DE-9F9E-AF2E55C744E0}.Release|Any CPU.Build.0 = Release|Any CPU
		{DE609F0A-D667-440D-A951-A4599E459C6E}.Debug|Any CPU.ActiveCfg = Debug|Any CPU
		{DE609F0A-D667-440D-A951-A4599E459C6E}.Debug|Any CPU.Build.0 = Debug|Any CPU
		{DE609F0A-D667-440D-A951-A4599E459C6E}.Release|Any CPU.ActiveCfg = Release|Any CPU
		{DE609F0A-D667-440D-A951-A4599E459C6E}.Release|Any CPU.Build.0 = Release|Any CPU
		{715726DE-6DAB-4E5E-A38C-18265909B8C6}.Debug|Any CPU.ActiveCfg = Debug|Any CPU
		{715726DE-6DAB-4E5E-A38C-18265909B8C6}.Debug|Any CPU.Build.0 = Debug|Any CPU
		{715726DE-6DAB-4E5E-A38C-18265909B8C6}.Release|Any CPU.ActiveCfg = Release|Any CPU
		{715726DE-6DAB-4E5E-A38C-18265909B8C6}.Release|Any CPU.Build.0 = Release|Any CPU
		{12E25040-3AF3-448C-8A6B-0F6B785217B7}.Debug|Any CPU.ActiveCfg = Debug|Any CPU
		{12E25040-3AF3-448C-8A6B-0F6B785217B7}.Debug|Any CPU.Build.0 = Debug|Any CPU
		{12E25040-3AF3-448C-8A6B-0F6B785217B7}.Release|Any CPU.ActiveCfg = Release|Any CPU
		{12E25040-3AF3-448C-8A6B-0F6B785217B7}.Release|Any CPU.Build.0 = Release|Any CPU
	EndGlobalSection
	GlobalSection(SolutionProperties) = preSolution
		HideSolutionNode = FALSE
	EndGlobalSection
	GlobalSection(NestedProjects) = preSolution
		{12E25040-3AF3-448C-8A6B-0F6B785217B7} = {F51312F0-E27A-46F7-B8EE-46F5137CCF27}
	EndGlobalSection
	GlobalSection(ExtensibilityGlobals) = postSolution
		SolutionGuid = {F39F61FE-B0A9-4EF8-AB35-49763853BBAC}
	EndGlobalSection
EndGlobal
