
Microsoft Visual Studio Solution File, Format Version 12.00
# Visual Studio Version 17
VisualStudioVersion = 17.2.32630.192
MinimumVisualStudioVersion = 10.0.40219.1
Project("{9A19103F-16F7-4668-BE54-9A1E7A4F7556}") = "NetAutoGUI", "NetAutoGUI\NetAutoGUI.csproj", "{8A81522B-938E-4E41-826B-64CD37646C9E}"
EndProject
Project("{9A19103F-16F7-4668-BE54-9A1E7A4F7556}") = "NetCoreConsoleTests", "NetCoreConsoleTests\NetCoreConsoleTests.csproj", "{664C1197-C8DA-47DE-9F9E-AF2E55C744E0}"
EndProject
Project("{FAE04EC0-301F-11D3-BF4B-00C04F79EFBC}") = "NetAutoGUI.Windows", "NetAutoGUI.Windows\NetAutoGUI.Windows.csproj", "{DE609F0A-D667-440D-A951-A4599E459C6E}"
EndProject
Global
	GlobalSection(SolutionConfigurationPlatforms) = preSolution
		Debug|Any CPU = Debug|Any CPU
		Release|Any CPU = Release|Any CPU
	EndGlobalSection
	GlobalSection(ProjectConfigurationPlatforms) = postSolution
		{8A81522B-938E-4E41-826B-64CD37646C9E}.Debug|Any CPU.ActiveCfg = Debug|Any CPU
		{8A81522B-938E-4E41-826B-64CD37646C9E}.Debug|Any CPU.Build.0 = Debug|Any CPU
		{8A81522B-938E-4E41-826B-64CD37646C9E}.Release|Any CPU.ActiveCfg = Release|Any CPU
		{8A81522B-938E-4E41-826B-64CD37646C9E}.Release|Any CPU.Build.0 = Release|Any CPU
		{664C1197-C8DA-47DE-9F9E-AF2E55C744E0}.Debug|Any CPU.ActiveCfg = Debug|Any CPU
		{664C1197-C8DA-47DE-9F9E-AF2E55C744E0}.Debug|Any CPU.Build.0 = Debug|Any CPU
		{664C1197-C8DA-47DE-9F9E-AF2E55C744E0}.Release|Any CPU.ActiveCfg = Release|Any CPU
		{664C1197-C8DA-47DE-9F9E-AF2E55C744E0}.Release|Any CPU.Build.0 = Release|Any CPU
		{DE609F0A-D667-440D-A951-A4599E459C6E}.Debug|Any CPU.ActiveCfg = Debug|Any CPU
		{DE609F0A-D667-440D-A951-A4599E459C6E}.Debug|Any CPU.Build.0 = Debug|Any CPU
		{DE609F0A-D667-440D-A951-A4599E459C6E}.Release|Any CPU.ActiveCfg = Release|Any CPU
		{DE609F0A-D667-440D-A951-A4599E459C6E}.Release|Any CPU.Build.0 = Release|Any CPU
	EndGlobalSection
	GlobalSection(SolutionProperties) = preSolution
		HideSolutionNode = FALSE
	EndGlobalSection
	GlobalSection(ExtensibilityGlobals) = postSolution
		SolutionGuid = {F39F61FE-B0A9-4EF8-AB35-49763853BBAC}
	EndGlobalSection
EndGlobal
